// !$*UTF8*$!
{
	archiveVersion = 1;
	classes = {
	};
	objectVersion = 56;
	objects = {

/* Begin PBXBuildFile section */
		1A1B55D3298989BF00C2C773 /* Calculator.swift in Sources */ = {isa = PBXBuildFile; fileRef = 1A1B55D2298989BF00C2C773 /* Calculator.swift */; };
		1A1B55D629899CD800C2C773 /* Double.swift in Sources */ = {isa = PBXBuildFile; fileRef = 1A1B55D529899CD800C2C773 /* Double.swift */; };
		1A1B55D8298A371200C2C773 /* View.swift in Sources */ = {isa = PBXBuildFile; fileRef = 1A1B55D7298A371200C2C773 /* View.swift */; };
		1A1B55DB298A467E00C2C773 /* FormValidator.swift in Sources */ = {isa = PBXBuildFile; fileRef = 1A1B55DA298A467E00C2C773 /* FormValidator.swift */; };
		1A1B55DF298A703800C2C773 /* PrivacyPolicies.txt in Resources */ = {isa = PBXBuildFile; fileRef = 1A1B55DE298A703800C2C773 /* PrivacyPolicies.txt */; };
		1A30FA30298A80A9007301C1 /* binance.jpg in Resources */ = {isa = PBXBuildFile; fileRef = 1A30FA26298A80A9007301C1 /* binance.jpg */; };
		1A30FA31298A80A9007301C1 /* 3.png in Resources */ = {isa = PBXBuildFile; fileRef = 1A30FA27298A80A9007301C1 /* 3.png */; };
		1A30FA32298A80A9007301C1 /* 2.png in Resources */ = {isa = PBXBuildFile; fileRef = 1A30FA28298A80A9007301C1 /* 2.png */; };
		1A30FA33298A80A9007301C1 /* 5.png in Resources */ = {isa = PBXBuildFile; fileRef = 1A30FA29298A80A9007301C1 /* 5.png */; };
		1A30FA34298A80A9007301C1 /* 6.png in Resources */ = {isa = PBXBuildFile; fileRef = 1A30FA2A298A80A9007301C1 /* 6.png */; };
		1A30FA35298A80A9007301C1 /* appstore.png in Resources */ = {isa = PBXBuildFile; fileRef = 1A30FA2B298A80A9007301C1 /* appstore.png */; };
		1A30FA36298A80A9007301C1 /* 7.png in Resources */ = {isa = PBXBuildFile; fileRef = 1A30FA2C298A80A9007301C1 /* 7.png */; };
		1A30FA37298A80A9007301C1 /* 4.png in Resources */ = {isa = PBXBuildFile; fileRef = 1A30FA2D298A80A9007301C1 /* 4.png */; };
		1A30FA38298A80A9007301C1 /* 1.png in Resources */ = {isa = PBXBuildFile; fileRef = 1A30FA2E298A80A9007301C1 /* 1.png */; };
		1A30FA39298A80A9007301C1 /* 8.png in Resources */ = {isa = PBXBuildFile; fileRef = 1A30FA2F298A80A9007301C1 /* 8.png */; };
		1A510D1C2993EF6700F65B0D /* Podfile in Resources */ = {isa = PBXBuildFile; fileRef = 1A510D1B2993EF6700F65B0D /* Podfile */; };
		1A510D232994488B00F65B0D /* .gitignore in Resources */ = {isa = PBXBuildFile; fileRef = 1A510D222994488B00F65B0D /* .gitignore */; };
		1A510D252994BBD500F65B0D /* SharedPreferences.swift in Sources */ = {isa = PBXBuildFile; fileRef = 1A510D242994BBD500F65B0D /* SharedPreferences.swift */; };
		1A510D282994C07000F65B0D /* SharedPreferenceType.swift in Sources */ = {isa = PBXBuildFile; fileRef = 1A510D272994C07000F65B0D /* SharedPreferenceType.swift */; };
		1A7B04EC2993D547008D46C3 /* ScannerView.swift in Sources */ = {isa = PBXBuildFile; fileRef = 1A7B04EB2993D547008D46C3 /* ScannerView.swift */; };
		1A7B04EE2993E6FB008D46C3 /* RecordsView.swift in Sources */ = {isa = PBXBuildFile; fileRef = 1A7B04ED2993E6FB008D46C3 /* RecordsView.swift */; };
		1A7BC4DF299786A70046D622 /* BybitEncryption.swift in Sources */ = {isa = PBXBuildFile; fileRef = 1A7BC4DE299786A70046D622 /* BybitEncryption.swift */; };
		1A7BC4E129978BF80046D622 /* DatetimeHelper.swift in Sources */ = {isa = PBXBuildFile; fileRef = 1A7BC4E029978BF80046D622 /* DatetimeHelper.swift */; };
		1A93904D299533F1004AB56D /* AssetsView.swift in Sources */ = {isa = PBXBuildFile; fileRef = 1A93904C299533F1004AB56D /* AssetsView.swift */; };
		1A939050299552F3004AB56D /* Transactions.swift in Sources */ = {isa = PBXBuildFile; fileRef = 1A93904F299552F3004AB56D /* Transactions.swift */; };
		1A939052299554BE004AB56D /* TransactionsHelper.swift in Sources */ = {isa = PBXBuildFile; fileRef = 1A939051299554BD004AB56D /* TransactionsHelper.swift */; };
		1A9E74E6298C129000BFB165 /* binancelogo.png in Resources */ = {isa = PBXBuildFile; fileRef = 1A9E74E5298C129000BFB165 /* binancelogo.png */; };
		1A9E74E8298C12A400BFB165 /* wise.png in Resources */ = {isa = PBXBuildFile; fileRef = 1A9E74E7298C12A400BFB165 /* wise.png */; };
		1A9E74EA298C150E00BFB165 /* Donation.md in Resources */ = {isa = PBXBuildFile; fileRef = 1A9E74E9298C150E00BFB165 /* Donation.md */; };
		1AADCC4F2996F43D009EF086 /* Bybit.swift in Sources */ = {isa = PBXBuildFile; fileRef = 1AADCC4E2996F43D009EF086 /* Bybit.swift */; };
		1AD4859A298923630024F1AB /* CryatoApp.swift in Sources */ = {isa = PBXBuildFile; fileRef = 1AD48599298923630024F1AB /* CryatoApp.swift */; };
		1AD4859C298923630024F1AB /* ContentView.swift in Sources */ = {isa = PBXBuildFile; fileRef = 1AD4859B298923630024F1AB /* ContentView.swift */; };
		1AD4859E298923660024F1AB /* Assets.xcassets in Resources */ = {isa = PBXBuildFile; fileRef = 1AD4859D298923660024F1AB /* Assets.xcassets */; };
		1AD485A1298923660024F1AB /* Preview Assets.xcassets in Resources */ = {isa = PBXBuildFile; fileRef = 1AD485A0298923660024F1AB /* Preview Assets.xcassets */; };
		1AD485AB298923660024F1AB /* CryatoTests.swift in Sources */ = {isa = PBXBuildFile; fileRef = 1AD485AA298923660024F1AB /* CryatoTests.swift */; };
		1AD485B5298923660024F1AB /* CryatoUITests.swift in Sources */ = {isa = PBXBuildFile; fileRef = 1AD485B4298923660024F1AB /* CryatoUITests.swift */; };
		1AD485B7298923660024F1AB /* CryatoUITestsLaunchTests.swift in Sources */ = {isa = PBXBuildFile; fileRef = 1AD485B6298923660024F1AB /* CryatoUITestsLaunchTests.swift */; };
		1AD485C429894C330024F1AB /* BuyView.swift in Sources */ = {isa = PBXBuildFile; fileRef = 1AD485C329894C330024F1AB /* BuyView.swift */; };
		1AD485C729894D160024F1AB /* SellView.swift in Sources */ = {isa = PBXBuildFile; fileRef = 1AD485C629894D160024F1AB /* SellView.swift */; };
		1AD485CB2989537D0024F1AB /* PreferenceView.swift in Sources */ = {isa = PBXBuildFile; fileRef = 1AD485CA2989537D0024F1AB /* PreferenceView.swift */; };
		1AD485CE298980F60024F1AB /* LICENSE in Resources */ = {isa = PBXBuildFile; fileRef = 1AD485CD298980F60024F1AB /* LICENSE */; };
		1AF58EB4299795D6003BD1DA /* Toast in Frameworks */ = {isa = PBXBuildFile; productRef = 1AF58EB3299795D6003BD1DA /* Toast */; };
		1AF58EB629979F34003BD1DA /* String.swift in Sources */ = {isa = PBXBuildFile; fileRef = 1AF58EB529979F34003BD1DA /* String.swift */; };
		1AF58EB92997A5E7003BD1DA /* AlertToast in Frameworks */ = {isa = PBXBuildFile; productRef = 1AF58EB82997A5E7003BD1DA /* AlertToast */; };
		1AF58EBB2998FD70003BD1DA /* CryptoSelector.swift in Sources */ = {isa = PBXBuildFile; fileRef = 1AF58EBA2998FD6F003BD1DA /* CryptoSelector.swift */; };
		1AF58EBD2998FF04003BD1DA /* Cryptocurrencies.swift in Sources */ = {isa = PBXBuildFile; fileRef = 1AF58EBC2998FF04003BD1DA /* Cryptocurrencies.swift */; };
/* End PBXBuildFile section */

/* Begin PBXContainerItemProxy section */
		1AD485A7298923660024F1AB /* PBXContainerItemProxy */ = {
			isa = PBXContainerItemProxy;
			containerPortal = 1AD4858E298923630024F1AB /* Project object */;
			proxyType = 1;
			remoteGlobalIDString = 1AD48595298923630024F1AB;
			remoteInfo = Cryato;
		};
		1AD485B1298923660024F1AB /* PBXContainerItemProxy */ = {
			isa = PBXContainerItemProxy;
			containerPortal = 1AD4858E298923630024F1AB /* Project object */;
			proxyType = 1;
			remoteGlobalIDString = 1AD48595298923630024F1AB;
			remoteInfo = Cryato;
		};
/* End PBXContainerItemProxy section */

/* Begin PBXFileReference section */
		1A1B55D2298989BF00C2C773 /* Calculator.swift */ = {isa = PBXFileReference; lastKnownFileType = sourcecode.swift; path = Calculator.swift; sourceTree = "<group>"; };
		1A1B55D529899CD800C2C773 /* Double.swift */ = {isa = PBXFileReference; lastKnownFileType = sourcecode.swift; path = Double.swift; sourceTree = "<group>"; };
		1A1B55D7298A371200C2C773 /* View.swift */ = {isa = PBXFileReference; lastKnownFileType = sourcecode.swift; path = View.swift; sourceTree = "<group>"; };
		1A1B55DA298A467E00C2C773 /* FormValidator.swift */ = {isa = PBXFileReference; lastKnownFileType = sourcecode.swift; path = FormValidator.swift; sourceTree = "<group>"; };
		1A1B55DE298A703800C2C773 /* PrivacyPolicies.txt */ = {isa = PBXFileReference; lastKnownFileType = text; path = PrivacyPolicies.txt; sourceTree = "<group>"; };
		1A30FA26298A80A9007301C1 /* binance.jpg */ = {isa = PBXFileReference; lastKnownFileType = image.jpeg; path = binance.jpg; sourceTree = "<group>"; };
		1A30FA27298A80A9007301C1 /* 3.png */ = {isa = PBXFileReference; lastKnownFileType = image.png; path = 3.png; sourceTree = "<group>"; };
		1A30FA28298A80A9007301C1 /* 2.png */ = {isa = PBXFileReference; lastKnownFileType = image.png; path = 2.png; sourceTree = "<group>"; };
		1A30FA29298A80A9007301C1 /* 5.png */ = {isa = PBXFileReference; lastKnownFileType = image.png; path = 5.png; sourceTree = "<group>"; };
		1A30FA2A298A80A9007301C1 /* 6.png */ = {isa = PBXFileReference; lastKnownFileType = image.png; path = 6.png; sourceTree = "<group>"; };
		1A30FA2B298A80A9007301C1 /* appstore.png */ = {isa = PBXFileReference; lastKnownFileType = image.png; path = appstore.png; sourceTree = "<group>"; };
		1A30FA2C298A80A9007301C1 /* 7.png */ = {isa = PBXFileReference; lastKnownFileType = image.png; path = 7.png; sourceTree = "<group>"; };
		1A30FA2D298A80A9007301C1 /* 4.png */ = {isa = PBXFileReference; lastKnownFileType = image.png; path = 4.png; sourceTree = "<group>"; };
		1A30FA2E298A80A9007301C1 /* 1.png */ = {isa = PBXFileReference; lastKnownFileType = image.png; path = 1.png; sourceTree = "<group>"; };
		1A30FA2F298A80A9007301C1 /* 8.png */ = {isa = PBXFileReference; lastKnownFileType = image.png; path = 8.png; sourceTree = "<group>"; };
		1A510D1B2993EF6700F65B0D /* Podfile */ = {isa = PBXFileReference; fileEncoding = 4; lastKnownFileType = text; path = Podfile; sourceTree = "<group>"; };
		1A510D212994485C00F65B0D /* private.xcconfig */ = {isa = PBXFileReference; lastKnownFileType = text.xcconfig; path = private.xcconfig; sourceTree = "<group>"; };
		1A510D222994488B00F65B0D /* .gitignore */ = {isa = PBXFileReference; lastKnownFileType = text; path = .gitignore; sourceTree = "<group>"; };
		1A510D242994BBD500F65B0D /* SharedPreferences.swift */ = {isa = PBXFileReference; lastKnownFileType = sourcecode.swift; path = SharedPreferences.swift; sourceTree = "<group>"; };
		1A510D272994C07000F65B0D /* SharedPreferenceType.swift */ = {isa = PBXFileReference; lastKnownFileType = sourcecode.swift; path = SharedPreferenceType.swift; sourceTree = "<group>"; };
		1A510D292994F7B300F65B0D /* Info.plist */ = {isa = PBXFileReference; lastKnownFileType = text.plist.xml; path = Info.plist; sourceTree = "<group>"; };
		1A7B04EB2993D547008D46C3 /* ScannerView.swift */ = {isa = PBXFileReference; lastKnownFileType = sourcecode.swift; path = ScannerView.swift; sourceTree = "<group>"; };
		1A7B04ED2993E6FB008D46C3 /* RecordsView.swift */ = {isa = PBXFileReference; lastKnownFileType = sourcecode.swift; path = RecordsView.swift; sourceTree = "<group>"; };
		1A7BC4DE299786A70046D622 /* BybitEncryption.swift */ = {isa = PBXFileReference; lastKnownFileType = sourcecode.swift; path = BybitEncryption.swift; sourceTree = "<group>"; };
		1A7BC4E029978BF80046D622 /* DatetimeHelper.swift */ = {isa = PBXFileReference; lastKnownFileType = sourcecode.swift; path = DatetimeHelper.swift; sourceTree = "<group>"; };
		1A93904C299533F1004AB56D /* AssetsView.swift */ = {isa = PBXFileReference; lastKnownFileType = sourcecode.swift; path = AssetsView.swift; sourceTree = "<group>"; };
		1A93904F299552F3004AB56D /* Transactions.swift */ = {isa = PBXFileReference; lastKnownFileType = sourcecode.swift; path = Transactions.swift; sourceTree = "<group>"; };
		1A939051299554BD004AB56D /* TransactionsHelper.swift */ = {isa = PBXFileReference; lastKnownFileType = sourcecode.swift; path = TransactionsHelper.swift; sourceTree = "<group>"; };
		1A9E74E5298C129000BFB165 /* binancelogo.png */ = {isa = PBXFileReference; lastKnownFileType = image.png; path = binancelogo.png; sourceTree = "<group>"; };
		1A9E74E7298C12A400BFB165 /* wise.png */ = {isa = PBXFileReference; lastKnownFileType = image.png; path = wise.png; sourceTree = "<group>"; };
		1A9E74E9298C150E00BFB165 /* Donation.md */ = {isa = PBXFileReference; fileEncoding = 4; lastKnownFileType = net.daringfireball.markdown; path = Donation.md; sourceTree = "<group>"; };
		1AADCC4E2996F43D009EF086 /* Bybit.swift */ = {isa = PBXFileReference; lastKnownFileType = sourcecode.swift; path = Bybit.swift; sourceTree = "<group>"; };
		1AD48596298923630024F1AB /* Cryato.app */ = {isa = PBXFileReference; explicitFileType = wrapper.application; includeInIndex = 0; path = Cryato.app; sourceTree = BUILT_PRODUCTS_DIR; };
		1AD48599298923630024F1AB /* CryatoApp.swift */ = {isa = PBXFileReference; lastKnownFileType = sourcecode.swift; path = CryatoApp.swift; sourceTree = "<group>"; };
		1AD4859B298923630024F1AB /* ContentView.swift */ = {isa = PBXFileReference; lastKnownFileType = sourcecode.swift; path = ContentView.swift; sourceTree = "<group>"; };
		1AD4859D298923660024F1AB /* Assets.xcassets */ = {isa = PBXFileReference; lastKnownFileType = folder.assetcatalog; path = Assets.xcassets; sourceTree = "<group>"; };
		1AD485A0298923660024F1AB /* Preview Assets.xcassets */ = {isa = PBXFileReference; lastKnownFileType = folder.assetcatalog; path = "Preview Assets.xcassets"; sourceTree = "<group>"; };
		1AD485A6298923660024F1AB /* CryatoTests.xctest */ = {isa = PBXFileReference; explicitFileType = wrapper.cfbundle; includeInIndex = 0; path = CryatoTests.xctest; sourceTree = BUILT_PRODUCTS_DIR; };
		1AD485AA298923660024F1AB /* CryatoTests.swift */ = {isa = PBXFileReference; lastKnownFileType = sourcecode.swift; path = CryatoTests.swift; sourceTree = "<group>"; };
		1AD485B0298923660024F1AB /* CryatoUITests.xctest */ = {isa = PBXFileReference; explicitFileType = wrapper.cfbundle; includeInIndex = 0; path = CryatoUITests.xctest; sourceTree = BUILT_PRODUCTS_DIR; };
		1AD485B4298923660024F1AB /* CryatoUITests.swift */ = {isa = PBXFileReference; lastKnownFileType = sourcecode.swift; path = CryatoUITests.swift; sourceTree = "<group>"; };
		1AD485B6298923660024F1AB /* CryatoUITestsLaunchTests.swift */ = {isa = PBXFileReference; lastKnownFileType = sourcecode.swift; path = CryatoUITestsLaunchTests.swift; sourceTree = "<group>"; };
		1AD485C329894C330024F1AB /* BuyView.swift */ = {isa = PBXFileReference; lastKnownFileType = sourcecode.swift; path = BuyView.swift; sourceTree = "<group>"; };
		1AD485C629894D160024F1AB /* SellView.swift */ = {isa = PBXFileReference; lastKnownFileType = sourcecode.swift; path = SellView.swift; sourceTree = "<group>"; };
		1AD485CA2989537D0024F1AB /* PreferenceView.swift */ = {isa = PBXFileReference; lastKnownFileType = sourcecode.swift; path = PreferenceView.swift; sourceTree = "<group>"; };
		1AD485CC2989562C0024F1AB /* README.md */ = {isa = PBXFileReference; lastKnownFileType = net.daringfireball.markdown; path = README.md; sourceTree = SOURCE_ROOT; };
		1AD485CD298980F60024F1AB /* LICENSE */ = {isa = PBXFileReference; lastKnownFileType = text; path = LICENSE; sourceTree = SOURCE_ROOT; };
		1AF58EB529979F34003BD1DA /* String.swift */ = {isa = PBXFileReference; lastKnownFileType = sourcecode.swift; path = String.swift; sourceTree = "<group>"; };
		1AF58EBA2998FD6F003BD1DA /* CryptoSelector.swift */ = {isa = PBXFileReference; lastKnownFileType = sourcecode.swift; path = CryptoSelector.swift; sourceTree = "<group>"; };
		1AF58EBC2998FF04003BD1DA /* Cryptocurrencies.swift */ = {isa = PBXFileReference; lastKnownFileType = sourcecode.swift; path = Cryptocurrencies.swift; sourceTree = "<group>"; };
/* End PBXFileReference section */

/* Begin PBXFrameworksBuildPhase section */
		1AD48593298923630024F1AB /* Frameworks */ = {
			isa = PBXFrameworksBuildPhase;
			buildActionMask = 2147483647;
			files = (
				1AF58EB4299795D6003BD1DA /* Toast in Frameworks */,
				1AF58EB92997A5E7003BD1DA /* AlertToast in Frameworks */,
			);
			runOnlyForDeploymentPostprocessing = 0;
		};
		1AD485A3298923660024F1AB /* Frameworks */ = {
			isa = PBXFrameworksBuildPhase;
			buildActionMask = 2147483647;
			files = (
			);
			runOnlyForDeploymentPostprocessing = 0;
		};
		1AD485AD298923660024F1AB /* Frameworks */ = {
			isa = PBXFrameworksBuildPhase;
			buildActionMask = 2147483647;
			files = (
			);
			runOnlyForDeploymentPostprocessing = 0;
		};
/* End PBXFrameworksBuildPhase section */

/* Begin PBXGroup section */
		1A1B55D1298989A600C2C773 /* Controllers */ = {
			isa = PBXGroup;
			children = (
				1A1B55D2298989BF00C2C773 /* Calculator.swift */,
				1A510D242994BBD500F65B0D /* SharedPreferences.swift */,
				1A939051299554BD004AB56D /* TransactionsHelper.swift */,
				1A7BC4E029978BF80046D622 /* DatetimeHelper.swift */,
			);
			path = Controllers;
			sourceTree = "<group>";
		};
		1A1B55D429899CC700C2C773 /* Extensions */ = {
			isa = PBXGroup;
			children = (
				1A1B55D529899CD800C2C773 /* Double.swift */,
				1A1B55D7298A371200C2C773 /* View.swift */,
				1AF58EB529979F34003BD1DA /* String.swift */,
			);
			path = Extensions;
			sourceTree = "<group>";
		};
		1A1B55D9298A45BB00C2C773 /* Validators */ = {
			isa = PBXGroup;
			children = (
				1A1B55DA298A467E00C2C773 /* FormValidator.swift */,
			);
			path = Validators;
			sourceTree = "<group>";
		};
		1A30FA15298A7A19007301C1 /* Assets */ = {
			isa = PBXGroup;
			children = (
				1A9E74E7298C12A400BFB165 /* wise.png */,
				1A9E74E5298C129000BFB165 /* binancelogo.png */,
				1A30FA2E298A80A9007301C1 /* 1.png */,
				1A30FA28298A80A9007301C1 /* 2.png */,
				1A30FA27298A80A9007301C1 /* 3.png */,
				1A30FA2D298A80A9007301C1 /* 4.png */,
				1A30FA29298A80A9007301C1 /* 5.png */,
				1A30FA2A298A80A9007301C1 /* 6.png */,
				1A30FA2C298A80A9007301C1 /* 7.png */,
				1A30FA2F298A80A9007301C1 /* 8.png */,
				1A30FA2B298A80A9007301C1 /* appstore.png */,
				1A30FA26298A80A9007301C1 /* binance.jpg */,
			);
			path = Assets;
			sourceTree = "<group>";
		};
		1A510D202994484600F65B0D /* Configurations */ = {
			isa = PBXGroup;
			children = (
				1A510D212994485C00F65B0D /* private.xcconfig */,
			);
			path = Configurations;
			sourceTree = "<group>";
		};
		1A510D262994C04900F65B0D /* Constants */ = {
			isa = PBXGroup;
			children = (
				1A510D272994C07000F65B0D /* SharedPreferenceType.swift */,
				1AF58EBA2998FD6F003BD1DA /* CryptoSelector.swift */,
				1AF58EBC2998FF04003BD1DA /* Cryptocurrencies.swift */,
			);
			path = Constants;
			sourceTree = "<group>";
		};
		1A7BC4DD299786990046D622 /* Security */ = {
			isa = PBXGroup;
			children = (
				1A7BC4DE299786A70046D622 /* BybitEncryption.swift */,
			);
			path = Security;
			sourceTree = "<group>";
		};
		1A93904E299552DC004AB56D /* Models */ = {
			isa = PBXGroup;
			children = (
				1A93904F299552F3004AB56D /* Transactions.swift */,
			);
			path = Models;
			sourceTree = "<group>";
		};
		1AADCC4D2996F42F009EF086 /* Endpoints */ = {
			isa = PBXGroup;
			children = (
				1AADCC4E2996F43D009EF086 /* Bybit.swift */,
			);
			path = Endpoints;
			sourceTree = "<group>";
		};
		1AD4858D298923630024F1AB = {
			isa = PBXGroup;
			children = (
				1A510D202994484600F65B0D /* Configurations */,
				1A510D1B2993EF6700F65B0D /* Podfile */,
				1A9E74E9298C150E00BFB165 /* Donation.md */,
				1A1B55DE298A703800C2C773 /* PrivacyPolicies.txt */,
				1A510D222994488B00F65B0D /* .gitignore */,
				1AD485CD298980F60024F1AB /* LICENSE */,
				1AD485CC2989562C0024F1AB /* README.md */,
				1A30FA15298A7A19007301C1 /* Assets */,
				1AD48598298923630024F1AB /* Cryato */,
				1AD485A9298923660024F1AB /* CryatoTests */,
				1AD485B3298923660024F1AB /* CryatoUITests */,
				1AD48597298923630024F1AB /* Products */,
			);
			sourceTree = "<group>";
		};
		1AD48597298923630024F1AB /* Products */ = {
			isa = PBXGroup;
			children = (
				1AD48596298923630024F1AB /* Cryato.app */,
				1AD485A6298923660024F1AB /* CryatoTests.xctest */,
				1AD485B0298923660024F1AB /* CryatoUITests.xctest */,
			);
			name = Products;
			sourceTree = "<group>";
		};
		1AD48598298923630024F1AB /* Cryato */ = {
			isa = PBXGroup;
			children = (
				1A510D292994F7B300F65B0D /* Info.plist */,
				1A7BC4DD299786990046D622 /* Security */,
				1AADCC4D2996F42F009EF086 /* Endpoints */,
				1A93904E299552DC004AB56D /* Models */,
				1A510D262994C04900F65B0D /* Constants */,
				1A1B55D9298A45BB00C2C773 /* Validators */,
				1A1B55D429899CC700C2C773 /* Extensions */,
				1A1B55D1298989A600C2C773 /* Controllers */,
				1AD48599298923630024F1AB /* CryatoApp.swift */,
				1AD485C529894C7C0024F1AB /* Views */,
				1AD4859D298923660024F1AB /* Assets.xcassets */,
				1AD4859F298923660024F1AB /* Preview Content */,
			);
			path = Cryato;
			sourceTree = "<group>";
		};
		1AD4859F298923660024F1AB /* Preview Content */ = {
			isa = PBXGroup;
			children = (
				1AD485A0298923660024F1AB /* Preview Assets.xcassets */,
			);
			path = "Preview Content";
			sourceTree = "<group>";
		};
		1AD485A9298923660024F1AB /* CryatoTests */ = {
			isa = PBXGroup;
			children = (
				1AD485AA298923660024F1AB /* CryatoTests.swift */,
			);
			path = CryatoTests;
			sourceTree = "<group>";
		};
		1AD485B3298923660024F1AB /* CryatoUITests */ = {
			isa = PBXGroup;
			children = (
				1AD485B4298923660024F1AB /* CryatoUITests.swift */,
				1AD485B6298923660024F1AB /* CryatoUITestsLaunchTests.swift */,
			);
			path = CryatoUITests;
			sourceTree = "<group>";
		};
		1AD485C529894C7C0024F1AB /* Views */ = {
			isa = PBXGroup;
			children = (
				1AD485CA2989537D0024F1AB /* PreferenceView.swift */,
				1AD4859B298923630024F1AB /* ContentView.swift */,
				1AD485C629894D160024F1AB /* SellView.swift */,
				1AD485C329894C330024F1AB /* BuyView.swift */,
				1A7B04EB2993D547008D46C3 /* ScannerView.swift */,
				1A7B04ED2993E6FB008D46C3 /* RecordsView.swift */,
				1A93904C299533F1004AB56D /* AssetsView.swift */,
			);
			path = Views;
			sourceTree = "<group>";
		};
/* End PBXGroup section */

/* Begin PBXNativeTarget section */
		1AD48595298923630024F1AB /* Cryato */ = {
			isa = PBXNativeTarget;
			buildConfigurationList = 1AD485BA298923660024F1AB /* Build configuration list for PBXNativeTarget "Cryato" */;
			buildPhases = (
				1AD48592298923630024F1AB /* Sources */,
				1AD48593298923630024F1AB /* Frameworks */,
				1AD48594298923630024F1AB /* Resources */,
			);
			buildRules = (
			);
			dependencies = (
			);
			name = Cryato;
			packageProductDependencies = (
				1AF58EB3299795D6003BD1DA /* Toast */,
				1AF58EB82997A5E7003BD1DA /* AlertToast */,
			);
			productName = Cryato;
			productReference = 1AD48596298923630024F1AB /* Cryato.app */;
			productType = "com.apple.product-type.application";
		};
		1AD485A5298923660024F1AB /* CryatoTests */ = {
			isa = PBXNativeTarget;
			buildConfigurationList = 1AD485BD298923660024F1AB /* Build configuration list for PBXNativeTarget "CryatoTests" */;
			buildPhases = (
				1AD485A2298923660024F1AB /* Sources */,
				1AD485A3298923660024F1AB /* Frameworks */,
				1AD485A4298923660024F1AB /* Resources */,
			);
			buildRules = (
			);
			dependencies = (
				1AD485A8298923660024F1AB /* PBXTargetDependency */,
			);
			name = CryatoTests;
			productName = CryatoTests;
			productReference = 1AD485A6298923660024F1AB /* CryatoTests.xctest */;
			productType = "com.apple.product-type.bundle.unit-test";
		};
		1AD485AF298923660024F1AB /* CryatoUITests */ = {
			isa = PBXNativeTarget;
			buildConfigurationList = 1AD485C0298923660024F1AB /* Build configuration list for PBXNativeTarget "CryatoUITests" */;
			buildPhases = (
				1AD485AC298923660024F1AB /* Sources */,
				1AD485AD298923660024F1AB /* Frameworks */,
				1AD485AE298923660024F1AB /* Resources */,
			);
			buildRules = (
			);
			dependencies = (
				1AD485B2298923660024F1AB /* PBXTargetDependency */,
			);
			name = CryatoUITests;
			productName = CryatoUITests;
			productReference = 1AD485B0298923660024F1AB /* CryatoUITests.xctest */;
			productType = "com.apple.product-type.bundle.ui-testing";
		};
/* End PBXNativeTarget section */

/* Begin PBXProject section */
		1AD4858E298923630024F1AB /* Project object */ = {
			isa = PBXProject;
			attributes = {
				BuildIndependentTargetsInParallel = 1;
				LastSwiftUpdateCheck = 1420;
				LastUpgradeCheck = 1420;
				TargetAttributes = {
					1AD48595298923630024F1AB = {
						CreatedOnToolsVersion = 14.2;
					};
					1AD485A5298923660024F1AB = {
						CreatedOnToolsVersion = 14.2;
						TestTargetID = 1AD48595298923630024F1AB;
					};
					1AD485AF298923660024F1AB = {
						CreatedOnToolsVersion = 14.2;
						TestTargetID = 1AD48595298923630024F1AB;
					};
				};
			};
			buildConfigurationList = 1AD48591298923630024F1AB /* Build configuration list for PBXProject "Cryato" */;
			compatibilityVersion = "Xcode 14.0";
			developmentRegion = en;
			hasScannedForEncodings = 0;
			knownRegions = (
				en,
				Base,
			);
			mainGroup = 1AD4858D298923630024F1AB;
			packageReferences = (
				1AF58EB2299795D6003BD1DA /* XCRemoteSwiftPackageReference "Toast-Swift" */,
				1AF58EB72997A5E7003BD1DA /* XCRemoteSwiftPackageReference "AlertToast" */,
			);
			productRefGroup = 1AD48597298923630024F1AB /* Products */;
			projectDirPath = "";
			projectRoot = "";
			targets = (
				1AD48595298923630024F1AB /* Cryato */,
				1AD485A5298923660024F1AB /* CryatoTests */,
				1AD485AF298923660024F1AB /* CryatoUITests */,
			);
		};
/* End PBXProject section */

/* Begin PBXResourcesBuildPhase section */
		1AD48594298923630024F1AB /* Resources */ = {
			isa = PBXResourcesBuildPhase;
			buildActionMask = 2147483647;
			files = (
				1A9E74E6298C129000BFB165 /* binancelogo.png in Resources */,
				1A30FA37298A80A9007301C1 /* 4.png in Resources */,
				1A30FA36298A80A9007301C1 /* 7.png in Resources */,
				1A9E74E8298C12A400BFB165 /* wise.png in Resources */,
				1AD485CE298980F60024F1AB /* LICENSE in Resources */,
				1A9E74EA298C150E00BFB165 /* Donation.md in Resources */,
				1A510D1C2993EF6700F65B0D /* Podfile in Resources */,
				1AD485A1298923660024F1AB /* Preview Assets.xcassets in Resources */,
				1A30FA32298A80A9007301C1 /* 2.png in Resources */,
				1A30FA38298A80A9007301C1 /* 1.png in Resources */,
				1A30FA39298A80A9007301C1 /* 8.png in Resources */,
				1A510D232994488B00F65B0D /* .gitignore in Resources */,
				1A30FA34298A80A9007301C1 /* 6.png in Resources */,
				1A30FA30298A80A9007301C1 /* binance.jpg in Resources */,
				1A30FA35298A80A9007301C1 /* appstore.png in Resources */,
				1A30FA31298A80A9007301C1 /* 3.png in Resources */,
				1A30FA33298A80A9007301C1 /* 5.png in Resources */,
				1AD4859E298923660024F1AB /* Assets.xcassets in Resources */,
				1A1B55DF298A703800C2C773 /* PrivacyPolicies.txt in Resources */,
			);
			runOnlyForDeploymentPostprocessing = 0;
		};
		1AD485A4298923660024F1AB /* Resources */ = {
			isa = PBXResourcesBuildPhase;
			buildActionMask = 2147483647;
			files = (
			);
			runOnlyForDeploymentPostprocessing = 0;
		};
		1AD485AE298923660024F1AB /* Resources */ = {
			isa = PBXResourcesBuildPhase;
			buildActionMask = 2147483647;
			files = (
			);
			runOnlyForDeploymentPostprocessing = 0;
		};
/* End PBXResourcesBuildPhase section */

/* Begin PBXSourcesBuildPhase section */
		1AD48592298923630024F1AB /* Sources */ = {
			isa = PBXSourcesBuildPhase;
			buildActionMask = 2147483647;
			files = (
				1A939050299552F3004AB56D /* Transactions.swift in Sources */,
				1A1B55D8298A371200C2C773 /* View.swift in Sources */,
				1AF58EB629979F34003BD1DA /* String.swift in Sources */,
				1A7B04EE2993E6FB008D46C3 /* RecordsView.swift in Sources */,
				1AD485C729894D160024F1AB /* SellView.swift in Sources */,
				1AD4859C298923630024F1AB /* ContentView.swift in Sources */,
				1AD485CB2989537D0024F1AB /* PreferenceView.swift in Sources */,
				1AD485C429894C330024F1AB /* BuyView.swift in Sources */,
				1AD4859A298923630024F1AB /* CryatoApp.swift in Sources */,
				1A510D282994C07000F65B0D /* SharedPreferenceType.swift in Sources */,
				1A510D252994BBD500F65B0D /* SharedPreferences.swift in Sources */,
				1A93904D299533F1004AB56D /* AssetsView.swift in Sources */,
				1A1B55DB298A467E00C2C773 /* FormValidator.swift in Sources */,
				1A939052299554BE004AB56D /* TransactionsHelper.swift in Sources */,
				1A7BC4E129978BF80046D622 /* DatetimeHelper.swift in Sources */,
				1A1B55D3298989BF00C2C773 /* Calculator.swift in Sources */,
				1A7B04EC2993D547008D46C3 /* ScannerView.swift in Sources */,
				1AF58EBD2998FF04003BD1DA /* Cryptocurrencies.swift in Sources */,
				1A1B55D629899CD800C2C773 /* Double.swift in Sources */,
				1A7BC4DF299786A70046D622 /* BybitEncryption.swift in Sources */,
				1AADCC4F2996F43D009EF086 /* Bybit.swift in Sources */,
				1AF58EBB2998FD70003BD1DA /* CryptoSelector.swift in Sources */,
			);
			runOnlyForDeploymentPostprocessing = 0;
		};
		1AD485A2298923660024F1AB /* Sources */ = {
			isa = PBXSourcesBuildPhase;
			buildActionMask = 2147483647;
			files = (
				1AD485AB298923660024F1AB /* CryatoTests.swift in Sources */,
			);
			runOnlyForDeploymentPostprocessing = 0;
		};
		1AD485AC298923660024F1AB /* Sources */ = {
			isa = PBXSourcesBuildPhase;
			buildActionMask = 2147483647;
			files = (
				1AD485B7298923660024F1AB /* CryatoUITestsLaunchTests.swift in Sources */,
				1AD485B5298923660024F1AB /* CryatoUITests.swift in Sources */,
			);
			runOnlyForDeploymentPostprocessing = 0;
		};
/* End PBXSourcesBuildPhase section */

/* Begin PBXTargetDependency section */
		1AD485A8298923660024F1AB /* PBXTargetDependency */ = {
			isa = PBXTargetDependency;
			target = 1AD48595298923630024F1AB /* Cryato */;
			targetProxy = 1AD485A7298923660024F1AB /* PBXContainerItemProxy */;
		};
		1AD485B2298923660024F1AB /* PBXTargetDependency */ = {
			isa = PBXTargetDependency;
			target = 1AD48595298923630024F1AB /* Cryato */;
			targetProxy = 1AD485B1298923660024F1AB /* PBXContainerItemProxy */;
		};
/* End PBXTargetDependency section */

/* Begin XCBuildConfiguration section */
		1AD485B8298923660024F1AB /* Debug */ = {
			isa = XCBuildConfiguration;
			baseConfigurationReference = 1A510D212994485C00F65B0D /* private.xcconfig */;
			buildSettings = {
				ALWAYS_SEARCH_USER_PATHS = NO;
				CLANG_ANALYZER_NONNULL = YES;
				CLANG_ANALYZER_NUMBER_OBJECT_CONVERSION = YES_AGGRESSIVE;
				CLANG_CXX_LANGUAGE_STANDARD = "gnu++20";
				CLANG_ENABLE_MODULES = YES;
				CLANG_ENABLE_OBJC_ARC = YES;
				CLANG_ENABLE_OBJC_WEAK = YES;
				CLANG_WARN_BLOCK_CAPTURE_AUTORELEASING = YES;
				CLANG_WARN_BOOL_CONVERSION = YES;
				CLANG_WARN_COMMA = YES;
				CLANG_WARN_CONSTANT_CONVERSION = YES;
				CLANG_WARN_DEPRECATED_OBJC_IMPLEMENTATIONS = YES;
				CLANG_WARN_DIRECT_OBJC_ISA_USAGE = YES_ERROR;
				CLANG_WARN_DOCUMENTATION_COMMENTS = YES;
				CLANG_WARN_EMPTY_BODY = YES;
				CLANG_WARN_ENUM_CONVERSION = YES;
				CLANG_WARN_INFINITE_RECURSION = YES;
				CLANG_WARN_INT_CONVERSION = YES;
				CLANG_WARN_NON_LITERAL_NULL_CONVERSION = YES;
				CLANG_WARN_OBJC_IMPLICIT_RETAIN_SELF = YES;
				CLANG_WARN_OBJC_LITERAL_CONVERSION = YES;
				CLANG_WARN_OBJC_ROOT_CLASS = YES_ERROR;
				CLANG_WARN_QUOTED_INCLUDE_IN_FRAMEWORK_HEADER = YES;
				CLANG_WARN_RANGE_LOOP_ANALYSIS = YES;
				CLANG_WARN_STRICT_PROTOTYPES = YES;
				CLANG_WARN_SUSPICIOUS_MOVE = YES;
				CLANG_WARN_UNGUARDED_AVAILABILITY = YES_AGGRESSIVE;
				CLANG_WARN_UNREACHABLE_CODE = YES;
				CLANG_WARN__DUPLICATE_METHOD_MATCH = YES;
				COPY_PHASE_STRIP = NO;
				DEBUG_INFORMATION_FORMAT = dwarf;
				ENABLE_STRICT_OBJC_MSGSEND = YES;
				ENABLE_TESTABILITY = YES;
				GCC_C_LANGUAGE_STANDARD = gnu11;
				GCC_DYNAMIC_NO_PIC = NO;
				GCC_NO_COMMON_BLOCKS = YES;
				GCC_OPTIMIZATION_LEVEL = 0;
				GCC_PREPROCESSOR_DEFINITIONS = (
					"DEBUG=1",
					"$(inherited)",
				);
				GCC_WARN_64_TO_32_BIT_CONVERSION = YES;
				GCC_WARN_ABOUT_RETURN_TYPE = YES_ERROR;
				GCC_WARN_UNDECLARED_SELECTOR = YES;
				GCC_WARN_UNINITIALIZED_AUTOS = YES_AGGRESSIVE;
				GCC_WARN_UNUSED_FUNCTION = YES;
				GCC_WARN_UNUSED_VARIABLE = YES;
				IPHONEOS_DEPLOYMENT_TARGET = 16.0;
				MTL_ENABLE_DEBUG_INFO = INCLUDE_SOURCE;
				MTL_FAST_MATH = YES;
				ONLY_ACTIVE_ARCH = YES;
				SDKROOT = iphoneos;
				SWIFT_ACTIVE_COMPILATION_CONDITIONS = DEBUG;
				SWIFT_OPTIMIZATION_LEVEL = "-Onone";
			};
			name = Debug;
		};
		1AD485B9298923660024F1AB /* Release */ = {
			isa = XCBuildConfiguration;
			baseConfigurationReference = 1A510D212994485C00F65B0D /* private.xcconfig */;
			buildSettings = {
				ALWAYS_SEARCH_USER_PATHS = NO;
				CLANG_ANALYZER_NONNULL = YES;
				CLANG_ANALYZER_NUMBER_OBJECT_CONVERSION = YES_AGGRESSIVE;
				CLANG_CXX_LANGUAGE_STANDARD = "gnu++20";
				CLANG_ENABLE_MODULES = YES;
				CLANG_ENABLE_OBJC_ARC = YES;
				CLANG_ENABLE_OBJC_WEAK = YES;
				CLANG_WARN_BLOCK_CAPTURE_AUTORELEASING = YES;
				CLANG_WARN_BOOL_CONVERSION = YES;
				CLANG_WARN_COMMA = YES;
				CLANG_WARN_CONSTANT_CONVERSION = YES;
				CLANG_WARN_DEPRECATED_OBJC_IMPLEMENTATIONS = YES;
				CLANG_WARN_DIRECT_OBJC_ISA_USAGE = YES_ERROR;
				CLANG_WARN_DOCUMENTATION_COMMENTS = YES;
				CLANG_WARN_EMPTY_BODY = YES;
				CLANG_WARN_ENUM_CONVERSION = YES;
				CLANG_WARN_INFINITE_RECURSION = YES;
				CLANG_WARN_INT_CONVERSION = YES;
				CLANG_WARN_NON_LITERAL_NULL_CONVERSION = YES;
				CLANG_WARN_OBJC_IMPLICIT_RETAIN_SELF = YES;
				CLANG_WARN_OBJC_LITERAL_CONVERSION = YES;
				CLANG_WARN_OBJC_ROOT_CLASS = YES_ERROR;
				CLANG_WARN_QUOTED_INCLUDE_IN_FRAMEWORK_HEADER = YES;
				CLANG_WARN_RANGE_LOOP_ANALYSIS = YES;
				CLANG_WARN_STRICT_PROTOTYPES = YES;
				CLANG_WARN_SUSPICIOUS_MOVE = YES;
				CLANG_WARN_UNGUARDED_AVAILABILITY = YES_AGGRESSIVE;
				CLANG_WARN_UNREACHABLE_CODE = YES;
				CLANG_WARN__DUPLICATE_METHOD_MATCH = YES;
				COPY_PHASE_STRIP = NO;
				DEBUG_INFORMATION_FORMAT = "dwarf-with-dsym";
				ENABLE_NS_ASSERTIONS = NO;
				ENABLE_STRICT_OBJC_MSGSEND = YES;
				GCC_C_LANGUAGE_STANDARD = gnu11;
				GCC_NO_COMMON_BLOCKS = YES;
				GCC_WARN_64_TO_32_BIT_CONVERSION = YES;
				GCC_WARN_ABOUT_RETURN_TYPE = YES_ERROR;
				GCC_WARN_UNDECLARED_SELECTOR = YES;
				GCC_WARN_UNINITIALIZED_AUTOS = YES_AGGRESSIVE;
				GCC_WARN_UNUSED_FUNCTION = YES;
				GCC_WARN_UNUSED_VARIABLE = YES;
				IPHONEOS_DEPLOYMENT_TARGET = 16.0;
				MTL_ENABLE_DEBUG_INFO = NO;
				MTL_FAST_MATH = YES;
				SDKROOT = iphoneos;
				SWIFT_COMPILATION_MODE = wholemodule;
				SWIFT_OPTIMIZATION_LEVEL = "-O";
				VALIDATE_PRODUCT = YES;
			};
			name = Release;
		};
		1AD485BB298923660024F1AB /* Debug */ = {
			isa = XCBuildConfiguration;
			buildSettings = {
				ASSETCATALOG_COMPILER_APPICON_NAME = AppIcon;
				ASSETCATALOG_COMPILER_GLOBAL_ACCENT_COLOR_NAME = AccentColor;
				CODE_SIGN_STYLE = Automatic;
				CURRENT_PROJECT_VERSION = 3;
				DEVELOPMENT_ASSET_PATHS = "\"Cryato/Preview Content\"";
				DEVELOPMENT_TEAM = 9W5GY4L6GJ;
				ENABLE_PREVIEWS = YES;
				GENERATE_INFOPLIST_FILE = YES;
				INFOPLIST_FILE = Cryato/Info.plist;
				INFOPLIST_KEY_LSApplicationCategoryType = "public.app-category.utilities";
				INFOPLIST_KEY_UIApplicationSceneManifest_Generation = YES;
				INFOPLIST_KEY_UIApplicationSupportsIndirectInputEvents = YES;
				INFOPLIST_KEY_UILaunchScreen_Generation = YES;
				INFOPLIST_KEY_UIStatusBarStyle = "";
				INFOPLIST_KEY_UISupportedInterfaceOrientations_iPad = "UIInterfaceOrientationPortrait UIInterfaceOrientationPortraitUpsideDown UIInterfaceOrientationLandscapeLeft UIInterfaceOrientationLandscapeRight";
				INFOPLIST_KEY_UISupportedInterfaceOrientations_iPhone = "UIInterfaceOrientationPortrait UIInterfaceOrientationLandscapeLeft UIInterfaceOrientationLandscapeRight";
				LD_RUNPATH_SEARCH_PATHS = (
					"$(inherited)",
					"@executable_path/Frameworks",
				);
				MARKETING_VERSION = 1.1;
				PRODUCT_BUNDLE_IDENTIFIER = blockchain.johnmelodyme.Cryato;
				PRODUCT_NAME = "$(TARGET_NAME)";
				SUPPORTED_PLATFORMS = "iphoneos iphonesimulator";
				SUPPORTS_MACCATALYST = NO;
				SUPPORTS_MAC_DESIGNED_FOR_IPHONE_IPAD = NO;
				SWIFT_EMIT_LOC_STRINGS = YES;
				SWIFT_VERSION = 5.0;
				TARGETED_DEVICE_FAMILY = 1;
			};
			name = Debug;
		};
		1AD485BC298923660024F1AB /* Release */ = {
			isa = XCBuildConfiguration;
			buildSettings = {
				ASSETCATALOG_COMPILER_APPICON_NAME = AppIcon;
				ASSETCATALOG_COMPILER_GLOBAL_ACCENT_COLOR_NAME = AccentColor;
				CODE_SIGN_STYLE = Automatic;
				CURRENT_PROJECT_VERSION = 3;
				DEVELOPMENT_ASSET_PATHS = "\"Cryato/Preview Content\"";
				DEVELOPMENT_TEAM = 9W5GY4L6GJ;
				ENABLE_PREVIEWS = YES;
				GENERATE_INFOPLIST_FILE = YES;
				INFOPLIST_FILE = Cryato/Info.plist;
				INFOPLIST_KEY_LSApplicationCategoryType = "public.app-category.utilities";
				INFOPLIST_KEY_UIApplicationSceneManifest_Generation = YES;
				INFOPLIST_KEY_UIApplicationSupportsIndirectInputEvents = YES;
				INFOPLIST_KEY_UILaunchScreen_Generation = YES;
				INFOPLIST_KEY_UIStatusBarStyle = "";
				INFOPLIST_KEY_UISupportedInterfaceOrientations_iPad = "UIInterfaceOrientationPortrait UIInterfaceOrientationPortraitUpsideDown UIInterfaceOrientationLandscapeLeft UIInterfaceOrientationLandscapeRight";
				INFOPLIST_KEY_UISupportedInterfaceOrientations_iPhone = "UIInterfaceOrientationPortrait UIInterfaceOrientationLandscapeLeft UIInterfaceOrientationLandscapeRight";
				LD_RUNPATH_SEARCH_PATHS = (
					"$(inherited)",
					"@executable_path/Frameworks",
				);
				MARKETING_VERSION = 1.1;
				PRODUCT_BUNDLE_IDENTIFIER = blockchain.johnmelodyme.Cryato;
				PRODUCT_NAME = "$(TARGET_NAME)";
				SUPPORTED_PLATFORMS = "iphoneos iphonesimulator";
				SUPPORTS_MACCATALYST = NO;
				SUPPORTS_MAC_DESIGNED_FOR_IPHONE_IPAD = NO;
				SWIFT_EMIT_LOC_STRINGS = YES;
				SWIFT_VERSION = 5.0;
				TARGETED_DEVICE_FAMILY = 1;
			};
			name = Release;
		};
		1AD485BE298923660024F1AB /* Debug */ = {
			isa = XCBuildConfiguration;
			buildSettings = {
				ALWAYS_EMBED_SWIFT_STANDARD_LIBRARIES = YES;
				BUNDLE_LOADER = "$(TEST_HOST)";
				CODE_SIGN_STYLE = Automatic;
				CURRENT_PROJECT_VERSION = 1;
				DEVELOPMENT_TEAM = 9W5GY4L6GJ;
				GENERATE_INFOPLIST_FILE = YES;
				IPHONEOS_DEPLOYMENT_TARGET = 16.2;
				MARKETING_VERSION = 1.0;
				PRODUCT_BUNDLE_IDENTIFIER = blockchain.johnmelodyme.CryatoTests;
				PRODUCT_NAME = "$(TARGET_NAME)";
				SWIFT_EMIT_LOC_STRINGS = NO;
				SWIFT_VERSION = 5.0;
				TARGETED_DEVICE_FAMILY = "1,2";
				TEST_HOST = "$(BUILT_PRODUCTS_DIR)/Cryato.app/$(BUNDLE_EXECUTABLE_FOLDER_PATH)/Cryato";
			};
			name = Debug;
		};
		1AD485BF298923660024F1AB /* Release */ = {
			isa = XCBuildConfiguration;
			buildSettings = {
				ALWAYS_EMBED_SWIFT_STANDARD_LIBRARIES = YES;
				BUNDLE_LOADER = "$(TEST_HOST)";
				CODE_SIGN_STYLE = Automatic;
				CURRENT_PROJECT_VERSION = 1;
				DEVELOPMENT_TEAM = 9W5GY4L6GJ;
				GENERATE_INFOPLIST_FILE = YES;
				IPHONEOS_DEPLOYMENT_TARGET = 16.2;
				MARKETING_VERSION = 1.0;
				PRODUCT_BUNDLE_IDENTIFIER = blockchain.johnmelodyme.CryatoTests;
				PRODUCT_NAME = "$(TARGET_NAME)";
				SWIFT_EMIT_LOC_STRINGS = NO;
				SWIFT_VERSION = 5.0;
				TARGETED_DEVICE_FAMILY = "1,2";
				TEST_HOST = "$(BUILT_PRODUCTS_DIR)/Cryato.app/$(BUNDLE_EXECUTABLE_FOLDER_PATH)/Cryato";
			};
			name = Release;
		};
		1AD485C1298923660024F1AB /* Debug */ = {
			isa = XCBuildConfiguration;
			buildSettings = {
				ALWAYS_EMBED_SWIFT_STANDARD_LIBRARIES = YES;
				CODE_SIGN_STYLE = Automatic;
				CURRENT_PROJECT_VERSION = 1;
				DEVELOPMENT_TEAM = 9W5GY4L6GJ;
				GENERATE_INFOPLIST_FILE = YES;
				MARKETING_VERSION = 1.0;
				PRODUCT_BUNDLE_IDENTIFIER = blockchain.johnmelodyme.CryatoUITests;
				PRODUCT_NAME = "$(TARGET_NAME)";
				SWIFT_EMIT_LOC_STRINGS = NO;
				SWIFT_VERSION = 5.0;
				TARGETED_DEVICE_FAMILY = "1,2";
				TEST_TARGET_NAME = Cryato;
			};
			name = Debug;
		};
		1AD485C2298923660024F1AB /* Release */ = {
			isa = XCBuildConfiguration;
			buildSettings = {
				ALWAYS_EMBED_SWIFT_STANDARD_LIBRARIES = YES;
				CODE_SIGN_STYLE = Automatic;
				CURRENT_PROJECT_VERSION = 1;
				DEVELOPMENT_TEAM = 9W5GY4L6GJ;
				GENERATE_INFOPLIST_FILE = YES;
				MARKETING_VERSION = 1.0;
				PRODUCT_BUNDLE_IDENTIFIER = blockchain.johnmelodyme.CryatoUITests;
				PRODUCT_NAME = "$(TARGET_NAME)";
				SWIFT_EMIT_LOC_STRINGS = NO;
				SWIFT_VERSION = 5.0;
				TARGETED_DEVICE_FAMILY = "1,2";
				TEST_TARGET_NAME = Cryato;
			};
			name = Release;
		};
/* End XCBuildConfiguration section */

/* Begin XCConfigurationList section */
		1AD48591298923630024F1AB /* Build configuration list for PBXProject "Cryato" */ = {
			isa = XCConfigurationList;
			buildConfigurations = (
				1AD485B8298923660024F1AB /* Debug */,
				1AD485B9298923660024F1AB /* Release */,
			);
			defaultConfigurationIsVisible = 0;
			defaultConfigurationName = Release;
		};
		1AD485BA298923660024F1AB /* Build configuration list for PBXNativeTarget "Cryato" */ = {
			isa = XCConfigurationList;
			buildConfigurations = (
				1AD485BB298923660024F1AB /* Debug */,
				1AD485BC298923660024F1AB /* Release */,
			);
			defaultConfigurationIsVisible = 0;
			defaultConfigurationName = Release;
		};
		1AD485BD298923660024F1AB /* Build configuration list for PBXNativeTarget "CryatoTests" */ = {
			isa = XCConfigurationList;
			buildConfigurations = (
				1AD485BE298923660024F1AB /* Debug */,
				1AD485BF298923660024F1AB /* Release */,
			);
			defaultConfigurationIsVisible = 0;
			defaultConfigurationName = Release;
		};
		1AD485C0298923660024F1AB /* Build configuration list for PBXNativeTarget "CryatoUITests" */ = {
			isa = XCConfigurationList;
			buildConfigurations = (
				1AD485C1298923660024F1AB /* Debug */,
				1AD485C2298923660024F1AB /* Release */,
			);
			defaultConfigurationIsVisible = 0;
			defaultConfigurationName = Release;
		};
/* End XCConfigurationList section */

/* Begin XCRemoteSwiftPackageReference section */
		1AF58EB2299795D6003BD1DA /* XCRemoteSwiftPackageReference "Toast-Swift" */ = {
			isa = XCRemoteSwiftPackageReference;
			repositoryURL = "https://github.com/scalessec/Toast-Swift.git";
			requirement = {
				kind = upToNextMajorVersion;
				minimumVersion = 5.0.0;
			};
		};
		1AF58EB72997A5E7003BD1DA /* XCRemoteSwiftPackageReference "AlertToast" */ = {
			isa = XCRemoteSwiftPackageReference;
			repositoryURL = "https://github.com/johnmelodyme/AlertToast.git";
			requirement = {
				branch = master;
				kind = branch;
			};
		};
/* End XCRemoteSwiftPackageReference section */

/* Begin XCSwiftPackageProductDependency section */
		1AF58EB3299795D6003BD1DA /* Toast */ = {
			isa = XCSwiftPackageProductDependency;
			package = 1AF58EB2299795D6003BD1DA /* XCRemoteSwiftPackageReference "Toast-Swift" */;
			productName = Toast;
		};
		1AF58EB82997A5E7003BD1DA /* AlertToast */ = {
			isa = XCSwiftPackageProductDependency;
			package = 1AF58EB72997A5E7003BD1DA /* XCRemoteSwiftPackageReference "AlertToast" */;
			productName = AlertToast;
		};
/* End XCSwiftPackageProductDependency section */
	};
	rootObject = 1AD4858E298923630024F1AB /* Project object */;
}
